// !$*UTF8*$!
{
	archiveVersion = 1;
	classes = {
	};
	objectVersion = 51;
	objects = {

/* Begin PBXBuildFile section */
		3DDC962D5EE3A88C4FD1F711 /* Pods_Delivery_AssignmentTests.framework in Frameworks */ = {isa = PBXBuildFile; fileRef = E5AC3ECC27F582FA72573B6E /* Pods_Delivery_AssignmentTests.framework */; };
		49F5F41022D7462E001CE023 /* LaunchScreen.storyboard in Resources */ = {isa = PBXBuildFile; fileRef = 49F5F40E22D7462E001CE023 /* LaunchScreen.storyboard */; };
		49F5F41B22D7462E001CE023 /* Delivery_AssignmentTests.swift in Sources */ = {isa = PBXBuildFile; fileRef = 49F5F41A22D7462E001CE023 /* Delivery_AssignmentTests.swift */; };
		49F5F42622D7462E001CE023 /* Delivery_AssignmentUITests.swift in Sources */ = {isa = PBXBuildFile; fileRef = 49F5F42522D7462E001CE023 /* Delivery_AssignmentUITests.swift */; };
		49F5F44B22D7472F001CE023 /* Assets.xcassets in Resources */ = {isa = PBXBuildFile; fileRef = 49F5F43422D7472F001CE023 /* Assets.xcassets */; };
		49F5F44D22D7472F001CE023 /* Main.storyboard in Resources */ = {isa = PBXBuildFile; fileRef = 49F5F43722D7472F001CE023 /* Main.storyboard */; };
		49F5F44E22D7472F001CE023 /* DetailViewModel.swift in Sources */ = {isa = PBXBuildFile; fileRef = 49F5F43A22D7472F001CE023 /* DetailViewModel.swift */; };
		49F5F44F22D7472F001CE023 /* ListViewModel.swift in Sources */ = {isa = PBXBuildFile; fileRef = 49F5F43B22D7472F001CE023 /* ListViewModel.swift */; };
		49F5F45022D7472F001CE023 /* GoogleService-Info.plist in Resources */ = {isa = PBXBuildFile; fileRef = 49F5F43D22D7472F001CE023 /* GoogleService-Info.plist */; };
		49F5F45122D7472F001CE023 /* AppDelegate.swift in Sources */ = {isa = PBXBuildFile; fileRef = 49F5F43E22D7472F001CE023 /* AppDelegate.swift */; };
		49F5F45222D7472F001CE023 /* AssignmentHelper.swift in Sources */ = {isa = PBXBuildFile; fileRef = 49F5F44022D7472F001CE023 /* AssignmentHelper.swift */; };
		49F5F45322D7472F001CE023 /* ApiManager.swift in Sources */ = {isa = PBXBuildFile; fileRef = 49F5F44122D7472F001CE023 /* ApiManager.swift */; };
		49F5F45422D7472F001CE023 /* StorageHelper.swift in Sources */ = {isa = PBXBuildFile; fileRef = 49F5F44222D7472F001CE023 /* StorageHelper.swift */; };
		49F5F45522D7472F001CE023 /* AssignmentConstants.swift in Sources */ = {isa = PBXBuildFile; fileRef = 49F5F44322D7472F001CE023 /* AssignmentConstants.swift */; };
		49F5F45622D74730001CE023 /* DeliveryTableViewCell.swift in Sources */ = {isa = PBXBuildFile; fileRef = 49F5F44522D7472F001CE023 /* DeliveryTableViewCell.swift */; };
		49F5F45722D74730001CE023 /* ListViewController.swift in Sources */ = {isa = PBXBuildFile; fileRef = 49F5F44622D7472F001CE023 /* ListViewController.swift */; };
		49F5F45822D74730001CE023 /* DetailViewController.swift in Sources */ = {isa = PBXBuildFile; fileRef = 49F5F44722D7472F001CE023 /* DetailViewController.swift */; };
		49F5F45922D74730001CE023 /* ListObject.swift in Sources */ = {isa = PBXBuildFile; fileRef = 49F5F44922D7472F001CE023 /* ListObject.swift */; };
		49F5F45A22D74730001CE023 /* ListLocation.swift in Sources */ = {isa = PBXBuildFile; fileRef = 49F5F44A22D7472F001CE023 /* ListLocation.swift */; };
		49F5F46322D747B5001CE023 /* Delivery.json in Resources */ = {isa = PBXBuildFile; fileRef = 49F5F45C22D747B5001CE023 /* Delivery.json */; };
		49F5F46422D747B5001CE023 /* ListViewModelTests.swift in Sources */ = {isa = PBXBuildFile; fileRef = 49F5F45D22D747B5001CE023 /* ListViewModelTests.swift */; };
		49F5F46522D747B5001CE023 /* DummyApiResponse.plist in Resources */ = {isa = PBXBuildFile; fileRef = 49F5F45E22D747B5001CE023 /* DummyApiResponse.plist */; };
		49F5F46622D747B5001CE023 /* XCHttpStub.swift in Sources */ = {isa = PBXBuildFile; fileRef = 49F5F45F22D747B5001CE023 /* XCHttpStub.swift */; };
		49F5F46722D747B5001CE023 /* InvalidDelivery.json in Resources */ = {isa = PBXBuildFile; fileRef = 49F5F46022D747B5001CE023 /* InvalidDelivery.json */; };
		49F5F46822D747B5001CE023 /* ListViewControllerTest.swift in Sources */ = {isa = PBXBuildFile; fileRef = 49F5F46122D747B5001CE023 /* ListViewControllerTest.swift */; };
		49F5F46A22D749B3001CE023 /* Localizable.strings in Resources */ = {isa = PBXBuildFile; fileRef = 49F5F46922D749B3001CE023 /* Localizable.strings */; };
		49F5F46C22D749F5001CE023 /* APIManagerTests.swift in Sources */ = {isa = PBXBuildFile; fileRef = 49F5F46B22D749F5001CE023 /* APIManagerTests.swift */; };
		79D1C55E3050AACABD37B8D9 /* Pods_Delivery_Assignment.framework in Frameworks */ = {isa = PBXBuildFile; fileRef = 1DE25955CC320E01A04C36CC /* Pods_Delivery_Assignment.framework */; };
		FA5498BD416D76751DE95EA1 /* Pods_Delivery_AssignmentUITests.framework in Frameworks */ = {isa = PBXBuildFile; fileRef = E830F4384D902A1E922751A7 /* Pods_Delivery_AssignmentUITests.framework */; };
/* End PBXBuildFile section */

/* Begin PBXContainerItemProxy section */
		49F5F41722D7462E001CE023 /* PBXContainerItemProxy */ = {
			isa = PBXContainerItemProxy;
			containerPortal = 49F5F3FA22D7462D001CE023 /* Project object */;
			proxyType = 1;
			remoteGlobalIDString = 49F5F40122D7462D001CE023;
			remoteInfo = "Delivery Assignment";
		};
		49F5F42222D7462E001CE023 /* PBXContainerItemProxy */ = {
			isa = PBXContainerItemProxy;
			containerPortal = 49F5F3FA22D7462D001CE023 /* Project object */;
			proxyType = 1;
			remoteGlobalIDString = 49F5F40122D7462D001CE023;
			remoteInfo = "Delivery Assignment";
		};
/* End PBXContainerItemProxy section */

/* Begin PBXFileReference section */
		186EB9E05710F340515BDE5C /* Pods-Delivery AssignmentUITests.release.xcconfig */ = {isa = PBXFileReference; includeInIndex = 1; lastKnownFileType = text.xcconfig; name = "Pods-Delivery AssignmentUITests.release.xcconfig"; path = "Target Support Files/Pods-Delivery AssignmentUITests/Pods-Delivery AssignmentUITests.release.xcconfig"; sourceTree = "<group>"; };
		1DE25955CC320E01A04C36CC /* Pods_Delivery_Assignment.framework */ = {isa = PBXFileReference; explicitFileType = wrapper.framework; includeInIndex = 0; path = Pods_Delivery_Assignment.framework; sourceTree = BUILT_PRODUCTS_DIR; };
		49F5F40222D7462D001CE023 /* Delivery Assignment.app */ = {isa = PBXFileReference; explicitFileType = wrapper.application; includeInIndex = 0; path = "Delivery Assignment.app"; sourceTree = BUILT_PRODUCTS_DIR; };
		49F5F40F22D7462E001CE023 /* Base */ = {isa = PBXFileReference; lastKnownFileType = file.storyboard; name = Base; path = Base.lproj/LaunchScreen.storyboard; sourceTree = "<group>"; };
		49F5F41122D7462E001CE023 /* Info.plist */ = {isa = PBXFileReference; lastKnownFileType = text.plist.xml; path = Info.plist; sourceTree = "<group>"; };
		49F5F41622D7462E001CE023 /* Delivery AssignmentTests.xctest */ = {isa = PBXFileReference; explicitFileType = wrapper.cfbundle; includeInIndex = 0; path = "Delivery AssignmentTests.xctest"; sourceTree = BUILT_PRODUCTS_DIR; };
		49F5F41A22D7462E001CE023 /* Delivery_AssignmentTests.swift */ = {isa = PBXFileReference; lastKnownFileType = sourcecode.swift; path = Delivery_AssignmentTests.swift; sourceTree = "<group>"; };
		49F5F41C22D7462E001CE023 /* Info.plist */ = {isa = PBXFileReference; lastKnownFileType = text.plist.xml; path = Info.plist; sourceTree = "<group>"; };
		49F5F42122D7462E001CE023 /* Delivery AssignmentUITests.xctest */ = {isa = PBXFileReference; explicitFileType = wrapper.cfbundle; includeInIndex = 0; path = "Delivery AssignmentUITests.xctest"; sourceTree = BUILT_PRODUCTS_DIR; };
		49F5F42522D7462E001CE023 /* Delivery_AssignmentUITests.swift */ = {isa = PBXFileReference; lastKnownFileType = sourcecode.swift; path = Delivery_AssignmentUITests.swift; sourceTree = "<group>"; };
		49F5F42722D7462E001CE023 /* Info.plist */ = {isa = PBXFileReference; lastKnownFileType = text.plist.xml; path = Info.plist; sourceTree = "<group>"; };
		49F5F43422D7472F001CE023 /* Assets.xcassets */ = {isa = PBXFileReference; lastKnownFileType = folder.assetcatalog; path = Assets.xcassets; sourceTree = "<group>"; };
		49F5F43822D7472F001CE023 /* Base */ = {isa = PBXFileReference; lastKnownFileType = file.storyboard; name = Base; path = Base.lproj/Main.storyboard; sourceTree = "<group>"; };
		49F5F43A22D7472F001CE023 /* DetailViewModel.swift */ = {isa = PBXFileReference; fileEncoding = 4; lastKnownFileType = sourcecode.swift; path = DetailViewModel.swift; sourceTree = "<group>"; };
		49F5F43B22D7472F001CE023 /* ListViewModel.swift */ = {isa = PBXFileReference; fileEncoding = 4; lastKnownFileType = sourcecode.swift; path = ListViewModel.swift; sourceTree = "<group>"; };
		49F5F43D22D7472F001CE023 /* GoogleService-Info.plist */ = {isa = PBXFileReference; fileEncoding = 4; lastKnownFileType = text.plist.xml; path = "GoogleService-Info.plist"; sourceTree = "<group>"; };
		49F5F43E22D7472F001CE023 /* AppDelegate.swift */ = {isa = PBXFileReference; fileEncoding = 4; lastKnownFileType = sourcecode.swift; path = AppDelegate.swift; sourceTree = "<group>"; };
		49F5F44022D7472F001CE023 /* AssignmentHelper.swift */ = {isa = PBXFileReference; fileEncoding = 4; lastKnownFileType = sourcecode.swift; path = AssignmentHelper.swift; sourceTree = "<group>"; };
		49F5F44122D7472F001CE023 /* ApiManager.swift */ = {isa = PBXFileReference; fileEncoding = 4; lastKnownFileType = sourcecode.swift; path = ApiManager.swift; sourceTree = "<group>"; };
		49F5F44222D7472F001CE023 /* StorageHelper.swift */ = {isa = PBXFileReference; fileEncoding = 4; lastKnownFileType = sourcecode.swift; path = StorageHelper.swift; sourceTree = "<group>"; };
		49F5F44322D7472F001CE023 /* AssignmentConstants.swift */ = {isa = PBXFileReference; fileEncoding = 4; lastKnownFileType = sourcecode.swift; path = AssignmentConstants.swift; sourceTree = "<group>"; };
		49F5F44522D7472F001CE023 /* DeliveryTableViewCell.swift */ = {isa = PBXFileReference; fileEncoding = 4; lastKnownFileType = sourcecode.swift; path = DeliveryTableViewCell.swift; sourceTree = "<group>"; };
		49F5F44622D7472F001CE023 /* ListViewController.swift */ = {isa = PBXFileReference; fileEncoding = 4; lastKnownFileType = sourcecode.swift; path = ListViewController.swift; sourceTree = "<group>"; };
		49F5F44722D7472F001CE023 /* DetailViewController.swift */ = {isa = PBXFileReference; fileEncoding = 4; lastKnownFileType = sourcecode.swift; path = DetailViewController.swift; sourceTree = "<group>"; };
		49F5F44922D7472F001CE023 /* ListObject.swift */ = {isa = PBXFileReference; fileEncoding = 4; lastKnownFileType = sourcecode.swift; path = ListObject.swift; sourceTree = "<group>"; };
		49F5F44A22D7472F001CE023 /* ListLocation.swift */ = {isa = PBXFileReference; fileEncoding = 4; lastKnownFileType = sourcecode.swift; path = ListLocation.swift; sourceTree = "<group>"; };
		49F5F45C22D747B5001CE023 /* Delivery.json */ = {isa = PBXFileReference; fileEncoding = 4; lastKnownFileType = text.json; path = Delivery.json; sourceTree = "<group>"; };
		49F5F45D22D747B5001CE023 /* ListViewModelTests.swift */ = {isa = PBXFileReference; fileEncoding = 4; lastKnownFileType = sourcecode.swift; path = ListViewModelTests.swift; sourceTree = "<group>"; };
		49F5F45E22D747B5001CE023 /* DummyApiResponse.plist */ = {isa = PBXFileReference; fileEncoding = 4; lastKnownFileType = text.plist.xml; path = DummyApiResponse.plist; sourceTree = "<group>"; };
		49F5F45F22D747B5001CE023 /* XCHttpStub.swift */ = {isa = PBXFileReference; fileEncoding = 4; lastKnownFileType = sourcecode.swift; path = XCHttpStub.swift; sourceTree = "<group>"; };
		49F5F46022D747B5001CE023 /* InvalidDelivery.json */ = {isa = PBXFileReference; fileEncoding = 4; lastKnownFileType = text.json; path = InvalidDelivery.json; sourceTree = "<group>"; };
		49F5F46122D747B5001CE023 /* ListViewControllerTest.swift */ = {isa = PBXFileReference; fileEncoding = 4; lastKnownFileType = sourcecode.swift; path = ListViewControllerTest.swift; sourceTree = "<group>"; };
		49F5F46922D749B3001CE023 /* Localizable.strings */ = {isa = PBXFileReference; fileEncoding = 4; lastKnownFileType = text.plist.strings; path = Localizable.strings; sourceTree = SOURCE_ROOT; };
		49F5F46B22D749F5001CE023 /* APIManagerTests.swift */ = {isa = PBXFileReference; fileEncoding = 4; lastKnownFileType = sourcecode.swift; path = APIManagerTests.swift; sourceTree = "<group>"; };
		4B64306A8B6019EEF937F47D /* Pods-Delivery Assignment.debug.xcconfig */ = {isa = PBXFileReference; includeInIndex = 1; lastKnownFileType = text.xcconfig; name = "Pods-Delivery Assignment.debug.xcconfig"; path = "Target Support Files/Pods-Delivery Assignment/Pods-Delivery Assignment.debug.xcconfig"; sourceTree = "<group>"; };
		55634DC27E867D0E50D161F3 /* Pods-Delivery AssignmentUITests.debug.xcconfig */ = {isa = PBXFileReference; includeInIndex = 1; lastKnownFileType = text.xcconfig; name = "Pods-Delivery AssignmentUITests.debug.xcconfig"; path = "Target Support Files/Pods-Delivery AssignmentUITests/Pods-Delivery AssignmentUITests.debug.xcconfig"; sourceTree = "<group>"; };
		77652A330633C3AF0395F309 /* Pods-Delivery AssignmentTests.release.xcconfig */ = {isa = PBXFileReference; includeInIndex = 1; lastKnownFileType = text.xcconfig; name = "Pods-Delivery AssignmentTests.release.xcconfig"; path = "Target Support Files/Pods-Delivery AssignmentTests/Pods-Delivery AssignmentTests.release.xcconfig"; sourceTree = "<group>"; };
		81B1130A18850784A26D1857 /* Pods-Delivery AssignmentTests.debug.xcconfig */ = {isa = PBXFileReference; includeInIndex = 1; lastKnownFileType = text.xcconfig; name = "Pods-Delivery AssignmentTests.debug.xcconfig"; path = "Target Support Files/Pods-Delivery AssignmentTests/Pods-Delivery AssignmentTests.debug.xcconfig"; sourceTree = "<group>"; };
		B2B09408DB345C1517147EB1 /* Pods-Delivery Assignment.release.xcconfig */ = {isa = PBXFileReference; includeInIndex = 1; lastKnownFileType = text.xcconfig; name = "Pods-Delivery Assignment.release.xcconfig"; path = "Target Support Files/Pods-Delivery Assignment/Pods-Delivery Assignment.release.xcconfig"; sourceTree = "<group>"; };
		E5AC3ECC27F582FA72573B6E /* Pods_Delivery_AssignmentTests.framework */ = {isa = PBXFileReference; explicitFileType = wrapper.framework; includeInIndex = 0; path = Pods_Delivery_AssignmentTests.framework; sourceTree = BUILT_PRODUCTS_DIR; };
		E830F4384D902A1E922751A7 /* Pods_Delivery_AssignmentUITests.framework */ = {isa = PBXFileReference; explicitFileType = wrapper.framework; includeInIndex = 0; path = Pods_Delivery_AssignmentUITests.framework; sourceTree = BUILT_PRODUCTS_DIR; };
/* End PBXFileReference section */

/* Begin PBXFrameworksBuildPhase section */
		49F5F3FF22D7462D001CE023 /* Frameworks */ = {
			isa = PBXFrameworksBuildPhase;
			buildActionMask = 2147483647;
			files = (
				79D1C55E3050AACABD37B8D9 /* Pods_Delivery_Assignment.framework in Frameworks */,
			);
			runOnlyForDeploymentPostprocessing = 0;
		};
		49F5F41322D7462E001CE023 /* Frameworks */ = {
			isa = PBXFrameworksBuildPhase;
			buildActionMask = 2147483647;
			files = (
				3DDC962D5EE3A88C4FD1F711 /* Pods_Delivery_AssignmentTests.framework in Frameworks */,
			);
			runOnlyForDeploymentPostprocessing = 0;
		};
		49F5F41E22D7462E001CE023 /* Frameworks */ = {
			isa = PBXFrameworksBuildPhase;
			buildActionMask = 2147483647;
			files = (
				FA5498BD416D76751DE95EA1 /* Pods_Delivery_AssignmentUITests.framework in Frameworks */,
			);
			runOnlyForDeploymentPostprocessing = 0;
		};
/* End PBXFrameworksBuildPhase section */

/* Begin PBXGroup section */
		49F5F3F922D7462D001CE023 = {
			isa = PBXGroup;
			children = (
				49F5F40422D7462D001CE023 /* Delivery Assignment */,
				49F5F41922D7462E001CE023 /* Delivery AssignmentTests */,
				49F5F42422D7462E001CE023 /* Delivery AssignmentUITests */,
				49F5F40322D7462D001CE023 /* Products */,
				A2157E90FC2635B2110A3182 /* Pods */,
				BD30D970BA2D345ACAE98619 /* Frameworks */,
			);
			sourceTree = "<group>";
		};
		49F5F40322D7462D001CE023 /* Products */ = {
			isa = PBXGroup;
			children = (
				49F5F40222D7462D001CE023 /* Delivery Assignment.app */,
				49F5F41622D7462E001CE023 /* Delivery AssignmentTests.xctest */,
				49F5F42122D7462E001CE023 /* Delivery AssignmentUITests.xctest */,
			);
			name = Products;
			sourceTree = "<group>";
		};
		49F5F40422D7462D001CE023 /* Delivery Assignment */ = {
			isa = PBXGroup;
			children = (
				49F5F43C22D7472F001CE023 /* AppConfig */,
				49F5F43F22D7472F001CE023 /* Helpers */,
				49F5F44822D7472F001CE023 /* Model */,
				49F5F43322D7472F001CE023 /* resources */,
				49F5F43922D7472F001CE023 /* ViewModel */,
				49F5F44422D7472F001CE023 /* Views */,
			);
			path = "Delivery Assignment";
			sourceTree = "<group>";
		};
		49F5F41922D7462E001CE023 /* Delivery AssignmentTests */ = {
			isa = PBXGroup;
			children = (
				49F5F41A22D7462E001CE023 /* Delivery_AssignmentTests.swift */,
				49F5F46B22D749F5001CE023 /* APIManagerTests.swift */,
				49F5F45C22D747B5001CE023 /* Delivery.json */,
				49F5F45E22D747B5001CE023 /* DummyApiResponse.plist */,
				49F5F46022D747B5001CE023 /* InvalidDelivery.json */,
				49F5F46122D747B5001CE023 /* ListViewControllerTest.swift */,
				49F5F45D22D747B5001CE023 /* ListViewModelTests.swift */,
				49F5F45F22D747B5001CE023 /* XCHttpStub.swift */,
				49F5F41C22D7462E001CE023 /* Info.plist */,
			);
			path = "Delivery AssignmentTests";
			sourceTree = "<group>";
		};
		49F5F42422D7462E001CE023 /* Delivery AssignmentUITests */ = {
			isa = PBXGroup;
			children = (
				49F5F42522D7462E001CE023 /* Delivery_AssignmentUITests.swift */,
				49F5F42722D7462E001CE023 /* Info.plist */,
			);
			path = "Delivery AssignmentUITests";
			sourceTree = "<group>";
		};
		49F5F43322D7472F001CE023 /* resources */ = {
			isa = PBXGroup;
			children = (
				49F5F43422D7472F001CE023 /* Assets.xcassets */,
				49F5F46922D749B3001CE023 /* Localizable.strings */,
				49F5F40E22D7462E001CE023 /* LaunchScreen.storyboard */,
				49F5F43722D7472F001CE023 /* Main.storyboard */,
			);
			path = resources;
			sourceTree = "<group>";
		};
		49F5F43922D7472F001CE023 /* ViewModel */ = {
			isa = PBXGroup;
			children = (
				49F5F43A22D7472F001CE023 /* DetailViewModel.swift */,
				49F5F43B22D7472F001CE023 /* ListViewModel.swift */,
			);
			path = ViewModel;
			sourceTree = "<group>";
		};
		49F5F43C22D7472F001CE023 /* AppConfig */ = {
			isa = PBXGroup;
			children = (
				49F5F41122D7462E001CE023 /* Info.plist */,
				49F5F43D22D7472F001CE023 /* GoogleService-Info.plist */,
				49F5F43E22D7472F001CE023 /* AppDelegate.swift */,
			);
			path = AppConfig;
			sourceTree = "<group>";
		};
		49F5F43F22D7472F001CE023 /* Helpers */ = {
			isa = PBXGroup;
			children = (
				49F5F44022D7472F001CE023 /* AssignmentHelper.swift */,
				49F5F44122D7472F001CE023 /* ApiManager.swift */,
				49F5F44222D7472F001CE023 /* StorageHelper.swift */,
				49F5F44322D7472F001CE023 /* AssignmentConstants.swift */,
			);
			path = Helpers;
			sourceTree = "<group>";
		};
		49F5F44422D7472F001CE023 /* Views */ = {
			isa = PBXGroup;
			children = (
				49F5F44522D7472F001CE023 /* DeliveryTableViewCell.swift */,
				49F5F44622D7472F001CE023 /* ListViewController.swift */,
				49F5F44722D7472F001CE023 /* DetailViewController.swift */,
			);
			path = Views;
			sourceTree = "<group>";
		};
		49F5F44822D7472F001CE023 /* Model */ = {
			isa = PBXGroup;
			children = (
				49F5F44922D7472F001CE023 /* ListObject.swift */,
				49F5F44A22D7472F001CE023 /* ListLocation.swift */,
			);
			path = Model;
			sourceTree = "<group>";
		};
		A2157E90FC2635B2110A3182 /* Pods */ = {
			isa = PBXGroup;
			children = (
				4B64306A8B6019EEF937F47D /* Pods-Delivery Assignment.debug.xcconfig */,
				B2B09408DB345C1517147EB1 /* Pods-Delivery Assignment.release.xcconfig */,
				81B1130A18850784A26D1857 /* Pods-Delivery AssignmentTests.debug.xcconfig */,
				77652A330633C3AF0395F309 /* Pods-Delivery AssignmentTests.release.xcconfig */,
				55634DC27E867D0E50D161F3 /* Pods-Delivery AssignmentUITests.debug.xcconfig */,
				186EB9E05710F340515BDE5C /* Pods-Delivery AssignmentUITests.release.xcconfig */,
			);
			path = Pods;
			sourceTree = "<group>";
		};
		BD30D970BA2D345ACAE98619 /* Frameworks */ = {
			isa = PBXGroup;
			children = (
				1DE25955CC320E01A04C36CC /* Pods_Delivery_Assignment.framework */,
				E5AC3ECC27F582FA72573B6E /* Pods_Delivery_AssignmentTests.framework */,
				E830F4384D902A1E922751A7 /* Pods_Delivery_AssignmentUITests.framework */,
			);
			name = Frameworks;
			sourceTree = "<group>";
		};
/* End PBXGroup section */

/* Begin PBXNativeTarget section */
		49F5F40122D7462D001CE023 /* Delivery Assignment */ = {
			isa = PBXNativeTarget;
			buildConfigurationList = 49F5F42A22D7462E001CE023 /* Build configuration list for PBXNativeTarget "Delivery Assignment" */;
			buildPhases = (
				9F0BC10D94375D36F1BC4A31 /* [CP] Check Pods Manifest.lock */,
				49F5F3FE22D7462D001CE023 /* Sources */,
				49F5F3FF22D7462D001CE023 /* Frameworks */,
				49F5F40022D7462D001CE023 /* Resources */,
				709E85429F7B6A9A6E94DD0B /* [CP] Embed Pods Frameworks */,
				49F5F46D22D74AE3001CE023 /* ShellScript */,
			);
			buildRules = (
			);
			dependencies = (
			);
			name = "Delivery Assignment";
			productName = "Delivery Assignment";
			productReference = 49F5F40222D7462D001CE023 /* Delivery Assignment.app */;
			productType = "com.apple.product-type.application";
		};
		49F5F41522D7462E001CE023 /* Delivery AssignmentTests */ = {
			isa = PBXNativeTarget;
			buildConfigurationList = 49F5F42D22D7462E001CE023 /* Build configuration list for PBXNativeTarget "Delivery AssignmentTests" */;
			buildPhases = (
				1C3D329DCE38B8CFC2AC3C70 /* [CP] Check Pods Manifest.lock */,
				49F5F41222D7462E001CE023 /* Sources */,
				49F5F41322D7462E001CE023 /* Frameworks */,
				49F5F41422D7462E001CE023 /* Resources */,
				86BE868675351D74726F9032 /* [CP] Embed Pods Frameworks */,
			);
			buildRules = (
			);
			dependencies = (
				49F5F41822D7462E001CE023 /* PBXTargetDependency */,
			);
			name = "Delivery AssignmentTests";
			productName = "Delivery AssignmentTests";
			productReference = 49F5F41622D7462E001CE023 /* Delivery AssignmentTests.xctest */;
			productType = "com.apple.product-type.bundle.unit-test";
		};
		49F5F42022D7462E001CE023 /* Delivery AssignmentUITests */ = {
			isa = PBXNativeTarget;
			buildConfigurationList = 49F5F43022D7462E001CE023 /* Build configuration list for PBXNativeTarget "Delivery AssignmentUITests" */;
			buildPhases = (
				95395F02B0C4FD0A1E22F6E5 /* [CP] Check Pods Manifest.lock */,
				49F5F41D22D7462E001CE023 /* Sources */,
				49F5F41E22D7462E001CE023 /* Frameworks */,
				49F5F41F22D7462E001CE023 /* Resources */,
			);
			buildRules = (
			);
			dependencies = (
				49F5F42322D7462E001CE023 /* PBXTargetDependency */,
			);
			name = "Delivery AssignmentUITests";
			productName = "Delivery AssignmentUITests";
			productReference = 49F5F42122D7462E001CE023 /* Delivery AssignmentUITests.xctest */;
			productType = "com.apple.product-type.bundle.ui-testing";
		};
/* End PBXNativeTarget section */

/* Begin PBXProject section */
		49F5F3FA22D7462D001CE023 /* Project object */ = {
			isa = PBXProject;
			attributes = {
				LastSwiftUpdateCheck = 1020;
				LastUpgradeCheck = 1020;
				ORGANIZATIONNAME = "Arpit Tripathi";
				TargetAttributes = {
					49F5F40122D7462D001CE023 = {
						CreatedOnToolsVersion = 10.2.1;
					};
					49F5F41522D7462E001CE023 = {
						CreatedOnToolsVersion = 10.2.1;
						TestTargetID = 49F5F40122D7462D001CE023;
					};
					49F5F42022D7462E001CE023 = {
						CreatedOnToolsVersion = 10.2.1;
						TestTargetID = 49F5F40122D7462D001CE023;
					};
				};
			};
			buildConfigurationList = 49F5F3FD22D7462D001CE023 /* Build configuration list for PBXProject "Delivery Assignment" */;
			compatibilityVersion = "Xcode 9.3";
			developmentRegion = en;
			hasScannedForEncodings = 0;
			knownRegions = (
				en,
				Base,
			);
			mainGroup = 49F5F3F922D7462D001CE023;
			productRefGroup = 49F5F40322D7462D001CE023 /* Products */;
			projectDirPath = "";
			projectRoot = "";
			targets = (
				49F5F40122D7462D001CE023 /* Delivery Assignment */,
				49F5F41522D7462E001CE023 /* Delivery AssignmentTests */,
				49F5F42022D7462E001CE023 /* Delivery AssignmentUITests */,
			);
		};
/* End PBXProject section */

/* Begin PBXResourcesBuildPhase section */
		49F5F40022D7462D001CE023 /* Resources */ = {
			isa = PBXResourcesBuildPhase;
			buildActionMask = 2147483647;
			files = (
				49F5F46A22D749B3001CE023 /* Localizable.strings in Resources */,
				49F5F41022D7462E001CE023 /* LaunchScreen.storyboard in Resources */,
				49F5F44D22D7472F001CE023 /* Main.storyboard in Resources */,
				49F5F44B22D7472F001CE023 /* Assets.xcassets in Resources */,
				49F5F45022D7472F001CE023 /* GoogleService-Info.plist in Resources */,
			);
			runOnlyForDeploymentPostprocessing = 0;
		};
		49F5F41422D7462E001CE023 /* Resources */ = {
			isa = PBXResourcesBuildPhase;
			buildActionMask = 2147483647;
			files = (
				49F5F46722D747B5001CE023 /* InvalidDelivery.json in Resources */,
				49F5F46322D747B5001CE023 /* Delivery.json in Resources */,
				49F5F46522D747B5001CE023 /* DummyApiResponse.plist in Resources */,
			);
			runOnlyForDeploymentPostprocessing = 0;
		};
		49F5F41F22D7462E001CE023 /* Resources */ = {
			isa = PBXResourcesBuildPhase;
			buildActionMask = 2147483647;
			files = (
			);
			runOnlyForDeploymentPostprocessing = 0;
		};
/* End PBXResourcesBuildPhase section */

/* Begin PBXShellScriptBuildPhase section */
		1C3D329DCE38B8CFC2AC3C70 /* [CP] Check Pods Manifest.lock */ = {
			isa = PBXShellScriptBuildPhase;
			buildActionMask = 2147483647;
			files = (
			);
			inputFileListPaths = (
			);
			inputPaths = (
				"${PODS_PODFILE_DIR_PATH}/Podfile.lock",
				"${PODS_ROOT}/Manifest.lock",
			);
			name = "[CP] Check Pods Manifest.lock";
			outputFileListPaths = (
			);
			outputPaths = (
				"$(DERIVED_FILE_DIR)/Pods-Delivery AssignmentTests-checkManifestLockResult.txt",
			);
			runOnlyForDeploymentPostprocessing = 0;
			shellPath = /bin/sh;
			shellScript = "diff \"${PODS_PODFILE_DIR_PATH}/Podfile.lock\" \"${PODS_ROOT}/Manifest.lock\" > /dev/null\nif [ $? != 0 ] ; then\n    # print error to STDERR\n    echo \"error: The sandbox is not in sync with the Podfile.lock. Run 'pod install' or update your CocoaPods installation.\" >&2\n    exit 1\nfi\n# This output is used by Xcode 'outputs' to avoid re-running this script phase.\necho \"SUCCESS\" > \"${SCRIPT_OUTPUT_FILE_0}\"\n";
			showEnvVarsInLog = 0;
		};
		49F5F46D22D74AE3001CE023 /* ShellScript */ = {
			isa = PBXShellScriptBuildPhase;
			buildActionMask = 2147483647;
			files = (
			);
			inputFileListPaths = (
			);
			inputPaths = (
				"$(SRCROOT)/$(BUILT_PRODUCTS_DIR)/$(INFOPLIST_PATH)",
			);
			outputFileListPaths = (
			);
			outputPaths = (
			);
			runOnlyForDeploymentPostprocessing = 0;
			shellPath = /bin/sh;
			shellScript = "# Type a script or drag a script file from your workspace to insert its path.\n${PODS_ROOT}/SwiftLint/swiftlint\n${PODS_ROOT}/Fabric/run\n\n";
		};
		709E85429F7B6A9A6E94DD0B /* [CP] Embed Pods Frameworks */ = {
			isa = PBXShellScriptBuildPhase;
			buildActionMask = 2147483647;
			files = (
			);
			inputFileListPaths = (
				"${PODS_ROOT}/Target Support Files/Pods-Delivery Assignment/Pods-Delivery Assignment-frameworks-${CONFIGURATION}-input-files.xcfilelist",
			);
			name = "[CP] Embed Pods Frameworks";
			outputFileListPaths = (
				"${PODS_ROOT}/Target Support Files/Pods-Delivery Assignment/Pods-Delivery Assignment-frameworks-${CONFIGURATION}-output-files.xcfilelist",
			);
			runOnlyForDeploymentPostprocessing = 0;
			shellPath = /bin/sh;
			shellScript = "\"${PODS_ROOT}/Target Support Files/Pods-Delivery Assignment/Pods-Delivery Assignment-frameworks.sh\"\n";
			showEnvVarsInLog = 0;
		};
		86BE868675351D74726F9032 /* [CP] Embed Pods Frameworks */ = {
			isa = PBXShellScriptBuildPhase;
			buildActionMask = 2147483647;
			files = (
			);
			inputFileListPaths = (
				"${PODS_ROOT}/Target Support Files/Pods-Delivery AssignmentTests/Pods-Delivery AssignmentTests-frameworks-${CONFIGURATION}-input-files.xcfilelist",
			);
			name = "[CP] Embed Pods Frameworks";
			outputFileListPaths = (
				"${PODS_ROOT}/Target Support Files/Pods-Delivery AssignmentTests/Pods-Delivery AssignmentTests-frameworks-${CONFIGURATION}-output-files.xcfilelist",
			);
			runOnlyForDeploymentPostprocessing = 0;
			shellPath = /bin/sh;
			shellScript = "\"${PODS_ROOT}/Target Support Files/Pods-Delivery AssignmentTests/Pods-Delivery AssignmentTests-frameworks.sh\"\n";
			showEnvVarsInLog = 0;
		};
		95395F02B0C4FD0A1E22F6E5 /* [CP] Check Pods Manifest.lock */ = {
			isa = PBXShellScriptBuildPhase;
			buildActionMask = 2147483647;
			files = (
			);
			inputFileListPaths = (
			);
			inputPaths = (
				"${PODS_PODFILE_DIR_PATH}/Podfile.lock",
				"${PODS_ROOT}/Manifest.lock",
			);
			name = "[CP] Check Pods Manifest.lock";
			outputFileListPaths = (
			);
			outputPaths = (
				"$(DERIVED_FILE_DIR)/Pods-Delivery AssignmentUITests-checkManifestLockResult.txt",
			);
			runOnlyForDeploymentPostprocessing = 0;
			shellPath = /bin/sh;
			shellScript = "diff \"${PODS_PODFILE_DIR_PATH}/Podfile.lock\" \"${PODS_ROOT}/Manifest.lock\" > /dev/null\nif [ $? != 0 ] ; then\n    # print error to STDERR\n    echo \"error: The sandbox is not in sync with the Podfile.lock. Run 'pod install' or update your CocoaPods installation.\" >&2\n    exit 1\nfi\n# This output is used by Xcode 'outputs' to avoid re-running this script phase.\necho \"SUCCESS\" > \"${SCRIPT_OUTPUT_FILE_0}\"\n";
			showEnvVarsInLog = 0;
		};
		9F0BC10D94375D36F1BC4A31 /* [CP] Check Pods Manifest.lock */ = {
			isa = PBXShellScriptBuildPhase;
			buildActionMask = 2147483647;
			files = (
			);
			inputFileListPaths = (
			);
			inputPaths = (
				"${PODS_PODFILE_DIR_PATH}/Podfile.lock",
				"${PODS_ROOT}/Manifest.lock",
			);
			name = "[CP] Check Pods Manifest.lock";
			outputFileListPaths = (
			);
			outputPaths = (
				"$(DERIVED_FILE_DIR)/Pods-Delivery Assignment-checkManifestLockResult.txt",
			);
			runOnlyForDeploymentPostprocessing = 0;
			shellPath = /bin/sh;
			shellScript = "diff \"${PODS_PODFILE_DIR_PATH}/Podfile.lock\" \"${PODS_ROOT}/Manifest.lock\" > /dev/null\nif [ $? != 0 ] ; then\n    # print error to STDERR\n    echo \"error: The sandbox is not in sync with the Podfile.lock. Run 'pod install' or update your CocoaPods installation.\" >&2\n    exit 1\nfi\n# This output is used by Xcode 'outputs' to avoid re-running this script phase.\necho \"SUCCESS\" > \"${SCRIPT_OUTPUT_FILE_0}\"\n";
			showEnvVarsInLog = 0;
		};
/* End PBXShellScriptBuildPhase section */

/* Begin PBXSourcesBuildPhase section */
		49F5F3FE22D7462D001CE023 /* Sources */ = {
			isa = PBXSourcesBuildPhase;
			buildActionMask = 2147483647;
			files = (
				49F5F45122D7472F001CE023 /* AppDelegate.swift in Sources */,
				49F5F44F22D7472F001CE023 /* ListViewModel.swift in Sources */,
				49F5F45322D7472F001CE023 /* ApiManager.swift in Sources */,
				49F5F45222D7472F001CE023 /* AssignmentHelper.swift in Sources */,
				49F5F45522D7472F001CE023 /* AssignmentConstants.swift in Sources */,
				49F5F45722D74730001CE023 /* ListViewController.swift in Sources */,
				49F5F45622D74730001CE023 /* DeliveryTableViewCell.swift in Sources */,
				49F5F45822D74730001CE023 /* DetailViewController.swift in Sources */,
				49F5F44E22D7472F001CE023 /* DetailViewModel.swift in Sources */,
				49F5F45922D74730001CE023 /* ListObject.swift in Sources */,
				49F5F45A22D74730001CE023 /* ListLocation.swift in Sources */,
				49F5F45422D7472F001CE023 /* StorageHelper.swift in Sources */,
			);
			runOnlyForDeploymentPostprocessing = 0;
		};
		49F5F41222D7462E001CE023 /* Sources */ = {
			isa = PBXSourcesBuildPhase;
			buildActionMask = 2147483647;
			files = (
				49F5F46622D747B5001CE023 /* XCHttpStub.swift in Sources */,
				49F5F46822D747B5001CE023 /* ListViewControllerTest.swift in Sources */,
				49F5F41B22D7462E001CE023 /* Delivery_AssignmentTests.swift in Sources */,
				49F5F46422D747B5001CE023 /* ListViewModelTests.swift in Sources */,
				49F5F46C22D749F5001CE023 /* APIManagerTests.swift in Sources */,
			);
			runOnlyForDeploymentPostprocessing = 0;
		};
		49F5F41D22D7462E001CE023 /* Sources */ = {
			isa = PBXSourcesBuildPhase;
			buildActionMask = 2147483647;
			files = (
				49F5F42622D7462E001CE023 /* Delivery_AssignmentUITests.swift in Sources */,
			);
			runOnlyForDeploymentPostprocessing = 0;
		};
/* End PBXSourcesBuildPhase section */

/* Begin PBXTargetDependency section */
		49F5F41822D7462E001CE023 /* PBXTargetDependency */ = {
			isa = PBXTargetDependency;
			target = 49F5F40122D7462D001CE023 /* Delivery Assignment */;
			targetProxy = 49F5F41722D7462E001CE023 /* PBXContainerItemProxy */;
		};
		49F5F42322D7462E001CE023 /* PBXTargetDependency */ = {
			isa = PBXTargetDependency;
			target = 49F5F40122D7462D001CE023 /* Delivery Assignment */;
			targetProxy = 49F5F42222D7462E001CE023 /* PBXContainerItemProxy */;
		};
/* End PBXTargetDependency section */

/* Begin PBXVariantGroup section */
		49F5F40E22D7462E001CE023 /* LaunchScreen.storyboard */ = {
			isa = PBXVariantGroup;
			children = (
				49F5F40F22D7462E001CE023 /* Base */,
			);
			name = LaunchScreen.storyboard;
			sourceTree = "<group>";
		};
		49F5F43722D7472F001CE023 /* Main.storyboard */ = {
			isa = PBXVariantGroup;
			children = (
				49F5F43822D7472F001CE023 /* Base */,
			);
			name = Main.storyboard;
			sourceTree = "<group>";
		};
/* End PBXVariantGroup section */

/* Begin XCBuildConfiguration section */
		49F5F42822D7462E001CE023 /* Debug */ = {
			isa = XCBuildConfiguration;
			buildSettings = {
				ALWAYS_SEARCH_USER_PATHS = NO;
				CLANG_ANALYZER_NONNULL = YES;
				CLANG_ANALYZER_NUMBER_OBJECT_CONVERSION = YES_AGGRESSIVE;
				CLANG_CXX_LANGUAGE_STANDARD = "gnu++14";
				CLANG_CXX_LIBRARY = "libc++";
				CLANG_ENABLE_MODULES = YES;
				CLANG_ENABLE_OBJC_ARC = YES;
				CLANG_ENABLE_OBJC_WEAK = YES;
				CLANG_WARN_BLOCK_CAPTURE_AUTORELEASING = YES;
				CLANG_WARN_BOOL_CONVERSION = YES;
				CLANG_WARN_COMMA = YES;
				CLANG_WARN_CONSTANT_CONVERSION = YES;
				CLANG_WARN_DEPRECATED_OBJC_IMPLEMENTATIONS = YES;
				CLANG_WARN_DIRECT_OBJC_ISA_USAGE = YES_ERROR;
				CLANG_WARN_DOCUMENTATION_COMMENTS = YES;
				CLANG_WARN_EMPTY_BODY = YES;
				CLANG_WARN_ENUM_CONVERSION = YES;
				CLANG_WARN_INFINITE_RECURSION = YES;
				CLANG_WARN_INT_CONVERSION = YES;
				CLANG_WARN_NON_LITERAL_NULL_CONVERSION = YES;
				CLANG_WARN_OBJC_IMPLICIT_RETAIN_SELF = YES;
				CLANG_WARN_OBJC_LITERAL_CONVERSION = YES;
				CLANG_WARN_OBJC_ROOT_CLASS = YES_ERROR;
				CLANG_WARN_RANGE_LOOP_ANALYSIS = YES;
				CLANG_WARN_STRICT_PROTOTYPES = YES;
				CLANG_WARN_SUSPICIOUS_MOVE = YES;
				CLANG_WARN_UNGUARDED_AVAILABILITY = YES_AGGRESSIVE;
				CLANG_WARN_UNREACHABLE_CODE = YES;
				CLANG_WARN__DUPLICATE_METHOD_MATCH = YES;
				CODE_SIGN_IDENTITY = "iPhone Developer";
				COPY_PHASE_STRIP = NO;
				DEBUG_INFORMATION_FORMAT = dwarf;
				ENABLE_STRICT_OBJC_MSGSEND = YES;
				ENABLE_TESTABILITY = YES;
				GCC_C_LANGUAGE_STANDARD = gnu11;
				GCC_DYNAMIC_NO_PIC = NO;
				GCC_NO_COMMON_BLOCKS = YES;
				GCC_OPTIMIZATION_LEVEL = 0;
				GCC_PREPROCESSOR_DEFINITIONS = (
					"DEBUG=1",
					"$(inherited)",
				);
				GCC_WARN_64_TO_32_BIT_CONVERSION = YES;
				GCC_WARN_ABOUT_RETURN_TYPE = YES_ERROR;
				GCC_WARN_UNDECLARED_SELECTOR = YES;
				GCC_WARN_UNINITIALIZED_AUTOS = YES_AGGRESSIVE;
				GCC_WARN_UNUSED_FUNCTION = YES;
				GCC_WARN_UNUSED_VARIABLE = YES;
				IPHONEOS_DEPLOYMENT_TARGET = 12.2;
				MTL_ENABLE_DEBUG_INFO = INCLUDE_SOURCE;
				MTL_FAST_MATH = YES;
				ONLY_ACTIVE_ARCH = YES;
				SDKROOT = iphoneos;
				SWIFT_ACTIVE_COMPILATION_CONDITIONS = DEBUG;
				SWIFT_OPTIMIZATION_LEVEL = "-Onone";
			};
			name = Debug;
		};
		49F5F42922D7462E001CE023 /* Release */ = {
			isa = XCBuildConfiguration;
			buildSettings = {
				ALWAYS_SEARCH_USER_PATHS = NO;
				CLANG_ANALYZER_NONNULL = YES;
				CLANG_ANALYZER_NUMBER_OBJECT_CONVERSION = YES_AGGRESSIVE;
				CLANG_CXX_LANGUAGE_STANDARD = "gnu++14";
				CLANG_CXX_LIBRARY = "libc++";
				CLANG_ENABLE_MODULES = YES;
				CLANG_ENABLE_OBJC_ARC = YES;
				CLANG_ENABLE_OBJC_WEAK = YES;
				CLANG_WARN_BLOCK_CAPTURE_AUTORELEASING = YES;
				CLANG_WARN_BOOL_CONVERSION = YES;
				CLANG_WARN_COMMA = YES;
				CLANG_WARN_CONSTANT_CONVERSION = YES;
				CLANG_WARN_DEPRECATED_OBJC_IMPLEMENTATIONS = YES;
				CLANG_WARN_DIRECT_OBJC_ISA_USAGE = YES_ERROR;
				CLANG_WARN_DOCUMENTATION_COMMENTS = YES;
				CLANG_WARN_EMPTY_BODY = YES;
				CLANG_WARN_ENUM_CONVERSION = YES;
				CLANG_WARN_INFINITE_RECURSION = YES;
				CLANG_WARN_INT_CONVERSION = YES;
				CLANG_WARN_NON_LITERAL_NULL_CONVERSION = YES;
				CLANG_WARN_OBJC_IMPLICIT_RETAIN_SELF = YES;
				CLANG_WARN_OBJC_LITERAL_CONVERSION = YES;
				CLANG_WARN_OBJC_ROOT_CLASS = YES_ERROR;
				CLANG_WARN_RANGE_LOOP_ANALYSIS = YES;
				CLANG_WARN_STRICT_PROTOTYPES = YES;
				CLANG_WARN_SUSPICIOUS_MOVE = YES;
				CLANG_WARN_UNGUARDED_AVAILABILITY = YES_AGGRESSIVE;
				CLANG_WARN_UNREACHABLE_CODE = YES;
				CLANG_WARN__DUPLICATE_METHOD_MATCH = YES;
				CODE_SIGN_IDENTITY = "iPhone Developer";
				COPY_PHASE_STRIP = NO;
				DEBUG_INFORMATION_FORMAT = "dwarf-with-dsym";
				ENABLE_NS_ASSERTIONS = NO;
				ENABLE_STRICT_OBJC_MSGSEND = YES;
				GCC_C_LANGUAGE_STANDARD = gnu11;
				GCC_NO_COMMON_BLOCKS = YES;
				GCC_WARN_64_TO_32_BIT_CONVERSION = YES;
				GCC_WARN_ABOUT_RETURN_TYPE = YES_ERROR;
				GCC_WARN_UNDECLARED_SELECTOR = YES;
				GCC_WARN_UNINITIALIZED_AUTOS = YES_AGGRESSIVE;
				GCC_WARN_UNUSED_FUNCTION = YES;
				GCC_WARN_UNUSED_VARIABLE = YES;
				IPHONEOS_DEPLOYMENT_TARGET = 12.2;
				MTL_ENABLE_DEBUG_INFO = NO;
				MTL_FAST_MATH = YES;
				SDKROOT = iphoneos;
				SWIFT_COMPILATION_MODE = wholemodule;
				SWIFT_OPTIMIZATION_LEVEL = "-O";
				VALIDATE_PRODUCT = YES;
			};
			name = Release;
		};
		49F5F42B22D7462E001CE023 /* Debug */ = {
			isa = XCBuildConfiguration;
			baseConfigurationReference = 4B64306A8B6019EEF937F47D /* Pods-Delivery Assignment.debug.xcconfig */;
			buildSettings = {
				ASSETCATALOG_COMPILER_APPICON_NAME = AppIcon;
				CODE_SIGN_STYLE = Automatic;
				INFOPLIST_FILE = "$(SRCROOT)/Delivery Assignment/AppConfig/Info.plist";
				LD_RUNPATH_SEARCH_PATHS = (
					"$(inherited)",
					"@executable_path/Frameworks",
				);
				PRODUCT_BUNDLE_IDENTIFIER = "Arpit.Delivery-Assignment";
				PRODUCT_NAME = "$(TARGET_NAME)";
				SWIFT_VERSION = 5.0;
				TARGETED_DEVICE_FAMILY = "1,2";
			};
			name = Debug;
		};
		49F5F42C22D7462E001CE023 /* Release */ = {
			isa = XCBuildConfiguration;
			baseConfigurationReference = B2B09408DB345C1517147EB1 /* Pods-Delivery Assignment.release.xcconfig */;
			buildSettings = {
				ASSETCATALOG_COMPILER_APPICON_NAME = AppIcon;
				CODE_SIGN_STYLE = Automatic;
				INFOPLIST_FILE = "$(SRCROOT)/Delivery Assignment/AppConfig/Info.plist";
				LD_RUNPATH_SEARCH_PATHS = (
					"$(inherited)",
					"@executable_path/Frameworks",
				);
				PRODUCT_BUNDLE_IDENTIFIER = "Arpit.Delivery-Assignment";
				PRODUCT_NAME = "$(TARGET_NAME)";
				SWIFT_VERSION = 5.0;
				TARGETED_DEVICE_FAMILY = "1,2";
			};
			name = Release;
		};
		49F5F42E22D7462E001CE023 /* Debug */ = {
			isa = XCBuildConfiguration;
			baseConfigurationReference = 81B1130A18850784A26D1857 /* Pods-Delivery AssignmentTests.debug.xcconfig */;
			buildSettings = {
				ALWAYS_EMBED_SWIFT_STANDARD_LIBRARIES = YES;
				BUNDLE_LOADER = "$(TEST_HOST)";
				CODE_SIGN_STYLE = Automatic;
				INFOPLIST_FILE = "Delivery AssignmentTests/Info.plist";
				LD_RUNPATH_SEARCH_PATHS = (
					"$(inherited)",
					"@executable_path/Frameworks",
					"@loader_path/Frameworks",
				);
				PRODUCT_BUNDLE_IDENTIFIER = "Arpit.Delivery-AssignmentTests";
				PRODUCT_NAME = "$(TARGET_NAME)";
				SWIFT_VERSION = 5.0;
				TARGETED_DEVICE_FAMILY = "1,2";
				TEST_HOST = "$(BUILT_PRODUCTS_DIR)/Delivery Assignment.app/Delivery Assignment";
			};
			name = Debug;
		};
		49F5F42F22D7462E001CE023 /* Release */ = {
			isa = XCBuildConfiguration;
			baseConfigurationReference = 77652A330633C3AF0395F309 /* Pods-Delivery AssignmentTests.release.xcconfig */;
			buildSettings = {
				ALWAYS_EMBED_SWIFT_STANDARD_LIBRARIES = YES;
				BUNDLE_LOADER = "$(TEST_HOST)";
				CODE_SIGN_STYLE = Automatic;
				INFOPLIST_FILE = "Delivery AssignmentTests/Info.plist";
				LD_RUNPATH_SEARCH_PATHS = (
					"$(inherited)",
					"@executable_path/Frameworks",
					"@loader_path/Frameworks",
				);
				PRODUCT_BUNDLE_IDENTIFIER = "Arpit.Delivery-AssignmentTests";
				PRODUCT_NAME = "$(TARGET_NAME)";
				SWIFT_VERSION = 5.0;
				TARGETED_DEVICE_FAMILY = "1,2";
				TEST_HOST = "$(BUILT_PRODUCTS_DIR)/Delivery Assignment.app/Delivery Assignment";
			};
			name = Release;
		};
		49F5F43122D7462E001CE023 /* Debug */ = {
			isa = XCBuildConfiguration;
			baseConfigurationReference = 55634DC27E867D0E50D161F3 /* Pods-Delivery AssignmentUITests.debug.xcconfig */;
			buildSettings = {
				ALWAYS_EMBED_SWIFT_STANDARD_LIBRARIES = YES;
				CODE_SIGN_STYLE = Automatic;
				INFOPLIST_FILE = "Delivery AssignmentUITests/Info.plist";
				LD_RUNPATH_SEARCH_PATHS = (
					"$(inherited)",
					"@executable_path/Frameworks",
					"@loader_path/Frameworks",
				);
				PRODUCT_BUNDLE_IDENTIFIER = "Arpit.Delivery-AssignmentUITests";
				PRODUCT_NAME = "$(TARGET_NAME)";
				SWIFT_VERSION = 5.0;
				TARGETED_DEVICE_FAMILY = "1,2";
				TEST_TARGET_NAME = "Delivery Assignment";
			};
			name = Debug;
		};
		49F5F43222D7462E001CE023 /* Release */ = {
			isa = XCBuildConfiguration;
			baseConfigurationReference = 186EB9E05710F340515BDE5C /* Pods-Delivery AssignmentUITests.release.xcconfig */;
			buildSettings = {
				ALWAYS_EMBED_SWIFT_STANDARD_LIBRARIES = YES;
				CODE_SIGN_STYLE = Automatic;
				INFOPLIST_FILE = "Delivery AssignmentUITests/Info.plist";
				LD_RUNPATH_SEARCH_PATHS = (
					"$(inherited)",
					"@executable_path/Frameworks",
					"@loader_path/Frameworks",
				);
				PRODUCT_BUNDLE_IDENTIFIER = "Arpit.Delivery-AssignmentUITests";
				PRODUCT_NAME = "$(TARGET_NAME)";
				SWIFT_VERSION = 5.0;
				TARGETED_DEVICE_FAMILY = "1,2";
				TEST_TARGET_NAME = "Delivery Assignment";
			};
			name = Release;
		};
/* End XCBuildConfiguration section */

/* Begin XCConfigurationList section */
		49F5F3FD22D7462D001CE023 /* Build configuration list for PBXProject "Delivery Assignment" */ = {
			isa = XCConfigurationList;
			buildConfigurations = (
				49F5F42822D7462E001CE023 /* Debug */,
				49F5F42922D7462E001CE023 /* Release */,
			);
			defaultConfigurationIsVisible = 0;
			defaultConfigurationName = Release;
		};
		49F5F42A22D7462E001CE023 /* Build configuration list for PBXNativeTarget "Delivery Assignment" */ = {
			isa = XCConfigurationList;
			buildConfigurations = (
				49F5F42B22D7462E001CE023 /* Debug */,
				49F5F42C22D7462E001CE023 /* Release */,
			);
			defaultConfigurationIsVisible = 0;
			defaultConfigurationName = Release;
		};
		49F5F42D22D7462E001CE023 /* Build configuration list for PBXNativeTarget "Delivery AssignmentTests" */ = {
			isa = XCConfigurationList;
			buildConfigurations = (
				49F5F42E22D7462E001CE023 /* Debug */,
				49F5F42F22D7462E001CE023 /* Release */,
			);
			defaultConfigurationIsVisible = 0;
			defaultConfigurationName = Release;
		};
		49F5F43022D7462E001CE023 /* Build configuration list for PBXNativeTarget "Delivery AssignmentUITests" */ = {
			isa = XCConfigurationList;
			buildConfigurations = (
				49F5F43122D7462E001CE023 /* Debug */,
				49F5F43222D7462E001CE023 /* Release */,
			);
			defaultConfigurationIsVisible = 0;
			defaultConfigurationName = Release;
		};
/* End XCConfigurationList section */
	};
	rootObject = 49F5F3FA22D7462D001CE023 /* Project object */;
}
